
Microsoft Visual Studio Solution File, Format Version 12.00
# Visual Studio Version 17
VisualStudioVersion = 17.5.002.0
MinimumVisualStudioVersion = 10.0.40219.1
Project("{9A19103F-16F7-4668-BE54-9A1E7A4F7556}") = "Cadastro-livros", "Cadastro-livros.csproj", "{AD6BDF11-7CAB-427D-B4C5-886CC2F48C8C}"
EndProject
Global
	GlobalSection(SolutionConfigurationPlatforms) = preSolution
		Debug|Any CPU = Debug|Any CPU
		Release|Any CPU = Release|Any CPU
	EndGlobalSection
	GlobalSection(ProjectConfigurationPlatforms) = postSolution
		{AD6BDF11-7CAB-427D-B4C5-886CC2F48C8C}.Debug|Any CPU.ActiveCfg = Debug|Any CPU
		{AD6BDF11-7CAB-427D-B4C5-886CC2F48C8C}.Debug|Any CPU.Build.0 = Debug|Any CPU
		{AD6BDF11-7CAB-427D-B4C5-886CC2F48C8C}.Release|Any CPU.ActiveCfg = Release|Any CPU
		{AD6BDF11-7CAB-427D-B4C5-886CC2F48C8C}.Release|Any CPU.Build.0 = Release|Any CPU
	EndGlobalSection
	GlobalSection(SolutionProperties) = preSolution
		HideSolutionNode = FALSE
	EndGlobalSection
	GlobalSection(ExtensibilityGlobals) = postSolution
		SolutionGuid = {EC1B74BC-8FF6-4D72-9FF1-574E805A6411}
	EndGlobalSection
EndGlobal
